
Microsoft Visual Studio Solution File, Format Version 12.00
# Visual Studio Version 17
VisualStudioVersion = 17.13.35919.96 d17.13
MinimumVisualStudioVersion = 10.0.40219.1
Project("{FAE04EC0-301F-11D3-BF4B-00C04F79EFBC}") = "AZ-AI-ImageAnalysis", "AZ-AI-ImageAnalysis\AZ-AI-ImageAnalysis.csproj", "{4821708A-3C1D-4C15-955C-69112559013D}"
EndProject
Global
	GlobalSection(SolutionConfigurationPlatforms) = preSolution
		Debug|Any CPU = Debug|Any CPU
		Release|Any CPU = Release|Any CPU
	EndGlobalSection
	GlobalSection(ProjectConfigurationPlatforms) = postSolution
		{4821708A-3C1D-4C15-955C-69112559013D}.Debug|Any CPU.ActiveCfg = Debug|Any CPU
		{4821708A-3C1D-4C15-955C-69112559013D}.Debug|Any CPU.Build.0 = Debug|Any CPU
		{4821708A-3C1D-4C15-955C-69112559013D}.Release|Any CPU.ActiveCfg = Release|Any CPU
		{4821708A-3C1D-4C15-955C-69112559013D}.Release|Any CPU.Build.0 = Release|Any CPU
	EndGlobalSection
	GlobalSection(SolutionProperties) = preSolution
		HideSolutionNode = FALSE
	EndGlobalSection
	GlobalSection(ExtensibilityGlobals) = postSolution
		SolutionGuid = {BB5CD4B5-E74B-4515-8C49-A9E02297572D}
	EndGlobalSection
EndGlobal
